// !$*UTF8*$!
{
	archiveVersion = 1;
	classes = {
	};
	objectVersion = 55;
	objects = {

/* Begin PBXBuildFile section */
		630BB38B28857BAA0022DFE0 /* DiaryList.storyboard in Resources */ = {isa = PBXBuildFile; fileRef = 630BB38A28857BAA0022DFE0 /* DiaryList.storyboard */; };
		630BB38D28857BC40022DFE0 /* DiaryListTableViewController.swift in Sources */ = {isa = PBXBuildFile; fileRef = 630BB38C28857BC40022DFE0 /* DiaryListTableViewController.swift */; };
		632BE882287E7E5300BE49FA /* AppDelegate.swift in Sources */ = {isa = PBXBuildFile; fileRef = 632BE881287E7E5300BE49FA /* AppDelegate.swift */; };
		632BE884287E7E5300BE49FA /* SceneDelegate.swift in Sources */ = {isa = PBXBuildFile; fileRef = 632BE883287E7E5300BE49FA /* SceneDelegate.swift */; };
		632BE886287E7E5300BE49FA /* ViewController.swift in Sources */ = {isa = PBXBuildFile; fileRef = 632BE885287E7E5300BE49FA /* ViewController.swift */; };
		632BE889287E7E5300BE49FA /* Main.storyboard in Resources */ = {isa = PBXBuildFile; fileRef = 632BE887287E7E5300BE49FA /* Main.storyboard */; };
		632BE88B287E7E5400BE49FA /* Assets.xcassets in Resources */ = {isa = PBXBuildFile; fileRef = 632BE88A287E7E5400BE49FA /* Assets.xcassets */; };
		632BE88E287E7E5400BE49FA /* LaunchScreen.storyboard in Resources */ = {isa = PBXBuildFile; fileRef = 632BE88C287E7E5400BE49FA /* LaunchScreen.storyboard */; };
		633AE0052880E83800AAA164 /* Transition.storyboard in Resources */ = {isa = PBXBuildFile; fileRef = 633AE0042880E83800AAA164 /* Transition.storyboard */; };
		633AE0072880EFC200AAA164 /* TransitionFirstViewController.swift in Sources */ = {isa = PBXBuildFile; fileRef = 633AE0062880EFC200AAA164 /* TransitionFirstViewController.swift */; };
		633AE0092880FE1800AAA164 /* TransitionSecondViewController.swift in Sources */ = {isa = PBXBuildFile; fileRef = 633AE0082880FE1800AAA164 /* TransitionSecondViewController.swift */; };
		633AE00B2881004B00AAA164 /* TranstionThirdViewController.swift in Sources */ = {isa = PBXBuildFile; fileRef = 633AE00A2881004B00AAA164 /* TranstionThirdViewController.swift */; };
		634399842886CDE10084CD84 /* UserDefault.swift in Sources */ = {isa = PBXBuildFile; fileRef = 634399832886CDE10084CD84 /* UserDefault.swift */; };
		634399AB2886EB1C0084CD84 /* DiaryListTableViewCell.swift in Sources */ = {isa = PBXBuildFile; fileRef = 634399AA2886EB1C0084CD84 /* DiaryListTableViewCell.swift */; };
		6379B43728804CB000F00138 /* StorageViewController.swift in Sources */ = {isa = PBXBuildFile; fileRef = 6379B43628804CB000F00138 /* StorageViewController.swift */; };
		639F7ADA287FFF1C00558426 /* Sub.storyboard in Resources */ = {isa = PBXBuildFile; fileRef = 639F7AD9287FFF1C00558426 /* Sub.storyboard */; };
		639F7ADC287FFF4B00558426 /* SubViewController.swift in Sources */ = {isa = PBXBuildFile; fileRef = 639F7ADB287FFF4B00558426 /* SubViewController.swift */; };
		639F7AE2288011E300558426 /* TextFieldEffects in Frameworks */ = {isa = PBXBuildFile; productRef = 639F7AE1288011E300558426 /* TextFieldEffects */; };
/* End PBXBuildFile section */

/* Begin PBXFileReference section */
		630BB38A28857BAA0022DFE0 /* DiaryList.storyboard */ = {isa = PBXFileReference; lastKnownFileType = file.storyboard; path = DiaryList.storyboard; sourceTree = "<group>"; };
		630BB38C28857BC40022DFE0 /* DiaryListTableViewController.swift */ = {isa = PBXFileReference; lastKnownFileType = sourcecode.swift; path = DiaryListTableViewController.swift; sourceTree = "<group>"; };
		632BE87E287E7E5300BE49FA /* Anniversary.app */ = {isa = PBXFileReference; explicitFileType = wrapper.application; includeInIndex = 0; path = Anniversary.app; sourceTree = BUILT_PRODUCTS_DIR; };
		632BE881287E7E5300BE49FA /* AppDelegate.swift */ = {isa = PBXFileReference; lastKnownFileType = sourcecode.swift; path = AppDelegate.swift; sourceTree = "<group>"; };
		632BE883287E7E5300BE49FA /* SceneDelegate.swift */ = {isa = PBXFileReference; lastKnownFileType = sourcecode.swift; path = SceneDelegate.swift; sourceTree = "<group>"; };
		632BE885287E7E5300BE49FA /* ViewController.swift */ = {isa = PBXFileReference; lastKnownFileType = sourcecode.swift; path = ViewController.swift; sourceTree = "<group>"; };
		632BE888287E7E5300BE49FA /* Base */ = {isa = PBXFileReference; lastKnownFileType = file.storyboard; name = Base; path = Base.lproj/Main.storyboard; sourceTree = "<group>"; };
		632BE88A287E7E5400BE49FA /* Assets.xcassets */ = {isa = PBXFileReference; lastKnownFileType = folder.assetcatalog; path = Assets.xcassets; sourceTree = "<group>"; };
		632BE88D287E7E5400BE49FA /* Base */ = {isa = PBXFileReference; lastKnownFileType = file.storyboard; name = Base; path = Base.lproj/LaunchScreen.storyboard; sourceTree = "<group>"; };
		632BE88F287E7E5400BE49FA /* Info.plist */ = {isa = PBXFileReference; lastKnownFileType = text.plist.xml; path = Info.plist; sourceTree = "<group>"; };
		633AE0042880E83800AAA164 /* Transition.storyboard */ = {isa = PBXFileReference; lastKnownFileType = file.storyboard; path = Transition.storyboard; sourceTree = "<group>"; };
		633AE0062880EFC200AAA164 /* TransitionFirstViewController.swift */ = {isa = PBXFileReference; lastKnownFileType = sourcecode.swift; path = TransitionFirstViewController.swift; sourceTree = "<group>"; };
		633AE0082880FE1800AAA164 /* TransitionSecondViewController.swift */ = {isa = PBXFileReference; lastKnownFileType = sourcecode.swift; path = TransitionSecondViewController.swift; sourceTree = "<group>"; };
		633AE00A2881004B00AAA164 /* TranstionThirdViewController.swift */ = {isa = PBXFileReference; lastKnownFileType = sourcecode.swift; path = TranstionThirdViewController.swift; sourceTree = "<group>"; };
		634399832886CDE10084CD84 /* UserDefault.swift */ = {isa = PBXFileReference; lastKnownFileType = sourcecode.swift; path = UserDefault.swift; sourceTree = "<group>"; };
		634399AA2886EB1C0084CD84 /* DiaryListTableViewCell.swift */ = {isa = PBXFileReference; lastKnownFileType = sourcecode.swift; path = DiaryListTableViewCell.swift; sourceTree = "<group>"; };
		6379B43628804CB000F00138 /* StorageViewController.swift */ = {isa = PBXFileReference; lastKnownFileType = sourcecode.swift; path = StorageViewController.swift; sourceTree = "<group>"; };
		639F7AD9287FFF1C00558426 /* Sub.storyboard */ = {isa = PBXFileReference; lastKnownFileType = file.storyboard; path = Sub.storyboard; sourceTree = "<group>"; };
		639F7ADB287FFF4B00558426 /* SubViewController.swift */ = {isa = PBXFileReference; lastKnownFileType = sourcecode.swift; path = SubViewController.swift; sourceTree = "<group>"; };
/* End PBXFileReference section */

/* Begin PBXFrameworksBuildPhase section */
		632BE87B287E7E5300BE49FA /* Frameworks */ = {
			isa = PBXFrameworksBuildPhase;
			buildActionMask = 2147483647;
			files = (
				639F7AE2288011E300558426 /* TextFieldEffects in Frameworks */,
			);
			runOnlyForDeploymentPostprocessing = 0;
		};
/* End PBXFrameworksBuildPhase section */

/* Begin PBXGroup section */
		632BE875287E7E5300BE49FA = {
			isa = PBXGroup;
			children = (
				632BE880287E7E5300BE49FA /* Anniversary */,
				632BE87F287E7E5300BE49FA /* Products */,
			);
			sourceTree = "<group>";
		};
		632BE87F287E7E5300BE49FA /* Products */ = {
			isa = PBXGroup;
			children = (
				632BE87E287E7E5300BE49FA /* Anniversary.app */,
			);
			name = Products;
			sourceTree = "<group>";
		};
		632BE880287E7E5300BE49FA /* Anniversary */ = {
			isa = PBXGroup;
			children = (
				633AE0032880E81900AAA164 /* Transition */,
				632BE881287E7E5300BE49FA /* AppDelegate.swift */,
				632BE883287E7E5300BE49FA /* SceneDelegate.swift */,
				632BE885287E7E5300BE49FA /* ViewController.swift */,
				639F7ADB287FFF4B00558426 /* SubViewController.swift */,
				6379B43628804CB000F00138 /* StorageViewController.swift */,
				634399832886CDE10084CD84 /* UserDefault.swift */,
				632BE887287E7E5300BE49FA /* Main.storyboard */,
				639F7AD9287FFF1C00558426 /* Sub.storyboard */,
				634399A92886EAC50084CD84 /* DiaryList */,
				632BE88A287E7E5400BE49FA /* Assets.xcassets */,
				632BE88C287E7E5400BE49FA /* LaunchScreen.storyboard */,
				632BE88F287E7E5400BE49FA /* Info.plist */,
			);
			path = Anniversary;
			sourceTree = "<group>";
		};
		633AE0032880E81900AAA164 /* Transition */ = {
			isa = PBXGroup;
			children = (
				633AE0042880E83800AAA164 /* Transition.storyboard */,
				633AE0062880EFC200AAA164 /* TransitionFirstViewController.swift */,
				633AE0082880FE1800AAA164 /* TransitionSecondViewController.swift */,
				633AE00A2881004B00AAA164 /* TranstionThirdViewController.swift */,
			);
			path = Transition;
			sourceTree = "<group>";
		};
		634399A92886EAC50084CD84 /* DiaryList */ = {
			isa = PBXGroup;
			children = (
				630BB38A28857BAA0022DFE0 /* DiaryList.storyboard */,
				630BB38C28857BC40022DFE0 /* DiaryListTableViewController.swift */,
				634399AA2886EB1C0084CD84 /* DiaryListTableViewCell.swift */,
			);
			path = DiaryList;
			sourceTree = "<group>";
		};
/* End PBXGroup section */

/* Begin PBXNativeTarget section */
		632BE87D287E7E5300BE49FA /* Anniversary */ = {
			isa = PBXNativeTarget;
			buildConfigurationList = 632BE892287E7E5400BE49FA /* Build configuration list for PBXNativeTarget "Anniversary" */;
			buildPhases = (
				632BE87A287E7E5300BE49FA /* Sources */,
				632BE87B287E7E5300BE49FA /* Frameworks */,
				632BE87C287E7E5300BE49FA /* Resources */,
			);
			buildRules = (
			);
			dependencies = (
			);
			name = Anniversary;
			packageProductDependencies = (
				639F7AE1288011E300558426 /* TextFieldEffects */,
			);
			productName = Anniversary;
			productReference = 632BE87E287E7E5300BE49FA /* Anniversary.app */;
			productType = "com.apple.product-type.application";
		};
/* End PBXNativeTarget section */

/* Begin PBXProject section */
		632BE876287E7E5300BE49FA /* Project object */ = {
			isa = PBXProject;
			attributes = {
				BuildIndependentTargetsInParallel = 1;
				LastSwiftUpdateCheck = 1340;
				LastUpgradeCheck = 1340;
				TargetAttributes = {
					632BE87D287E7E5300BE49FA = {
						CreatedOnToolsVersion = 13.4.1;
					};
				};
			};
			buildConfigurationList = 632BE879287E7E5300BE49FA /* Build configuration list for PBXProject "Anniversary" */;
			compatibilityVersion = "Xcode 13.0";
			developmentRegion = en;
			hasScannedForEncodings = 0;
			knownRegions = (
				en,
				Base,
			);
			mainGroup = 632BE875287E7E5300BE49FA;
			packageReferences = (
				639F7AE0288011E300558426 /* XCRemoteSwiftPackageReference "TextFieldEffects" */,
			);
			productRefGroup = 632BE87F287E7E5300BE49FA /* Products */;
			projectDirPath = "";
			projectRoot = "";
			targets = (
				632BE87D287E7E5300BE49FA /* Anniversary */,
			);
		};
/* End PBXProject section */

/* Begin PBXResourcesBuildPhase section */
		632BE87C287E7E5300BE49FA /* Resources */ = {
			isa = PBXResourcesBuildPhase;
			buildActionMask = 2147483647;
			files = (
				632BE88E287E7E5400BE49FA /* LaunchScreen.storyboard in Resources */,
				632BE88B287E7E5400BE49FA /* Assets.xcassets in Resources */,
				632BE889287E7E5300BE49FA /* Main.storyboard in Resources */,
				639F7ADA287FFF1C00558426 /* Sub.storyboard in Resources */,
				630BB38B28857BAA0022DFE0 /* DiaryList.storyboard in Resources */,
				633AE0052880E83800AAA164 /* Transition.storyboard in Resources */,
			);
			runOnlyForDeploymentPostprocessing = 0;
		};
/* End PBXResourcesBuildPhase section */

/* Begin PBXSourcesBuildPhase section */
		632BE87A287E7E5300BE49FA /* Sources */ = {
			isa = PBXSourcesBuildPhase;
			buildActionMask = 2147483647;
			files = (
				632BE886287E7E5300BE49FA /* ViewController.swift in Sources */,
				632BE882287E7E5300BE49FA /* AppDelegate.swift in Sources */,
				633AE0072880EFC200AAA164 /* TransitionFirstViewController.swift in Sources */,
				632BE884287E7E5300BE49FA /* SceneDelegate.swift in Sources */,
				634399842886CDE10084CD84 /* UserDefault.swift in Sources */,
				6379B43728804CB000F00138 /* StorageViewController.swift in Sources */,
				633AE00B2881004B00AAA164 /* TranstionThirdViewController.swift in Sources */,
				634399AB2886EB1C0084CD84 /* DiaryListTableViewCell.swift in Sources */,
				633AE0092880FE1800AAA164 /* TransitionSecondViewController.swift in Sources */,
				630BB38D28857BC40022DFE0 /* DiaryListTableViewController.swift in Sources */,
				639F7ADC287FFF4B00558426 /* SubViewController.swift in Sources */,
			);
			runOnlyForDeploymentPostprocessing = 0;
		};
/* End PBXSourcesBuildPhase section */

/* Begin PBXVariantGroup section */
		632BE887287E7E5300BE49FA /* Main.storyboard */ = {
			isa = PBXVariantGroup;
			children = (
				632BE888287E7E5300BE49FA /* Base */,
			);
			name = Main.storyboard;
			sourceTree = "<group>";
		};
		632BE88C287E7E5400BE49FA /* LaunchScreen.storyboard */ = {
			isa = PBXVariantGroup;
			children = (
				632BE88D287E7E5400BE49FA /* Base */,
			);
			name = LaunchScreen.storyboard;
			sourceTree = "<group>";
		};
/* End PBXVariantGroup section */

/* Begin XCBuildConfiguration section */
		632BE890287E7E5400BE49FA /* Debug */ = {
			isa = XCBuildConfiguration;
			buildSettings = {
				ALWAYS_SEARCH_USER_PATHS = NO;
				CLANG_ANALYZER_NONNULL = YES;
				CLANG_ANALYZER_NUMBER_OBJECT_CONVERSION = YES_AGGRESSIVE;
				CLANG_CXX_LANGUAGE_STANDARD = "gnu++17";
				CLANG_ENABLE_MODULES = YES;
				CLANG_ENABLE_OBJC_ARC = YES;
				CLANG_ENABLE_OBJC_WEAK = YES;
				CLANG_WARN_BLOCK_CAPTURE_AUTORELEASING = YES;
				CLANG_WARN_BOOL_CONVERSION = YES;
				CLANG_WARN_COMMA = YES;
				CLANG_WARN_CONSTANT_CONVERSION = YES;
				CLANG_WARN_DEPRECATED_OBJC_IMPLEMENTATIONS = YES;
				CLANG_WARN_DIRECT_OBJC_ISA_USAGE = YES_ERROR;
				CLANG_WARN_DOCUMENTATION_COMMENTS = YES;
				CLANG_WARN_EMPTY_BODY = YES;
				CLANG_WARN_ENUM_CONVERSION = YES;
				CLANG_WARN_INFINITE_RECURSION = YES;
				CLANG_WARN_INT_CONVERSION = YES;
				CLANG_WARN_NON_LITERAL_NULL_CONVERSION = YES;
				CLANG_WARN_OBJC_IMPLICIT_RETAIN_SELF = YES;
				CLANG_WARN_OBJC_LITERAL_CONVERSION = YES;
				CLANG_WARN_OBJC_ROOT_CLASS = YES_ERROR;
				CLANG_WARN_QUOTED_INCLUDE_IN_FRAMEWORK_HEADER = YES;
				CLANG_WARN_RANGE_LOOP_ANALYSIS = YES;
				CLANG_WARN_STRICT_PROTOTYPES = YES;
				CLANG_WARN_SUSPICIOUS_MOVE = YES;
				CLANG_WARN_UNGUARDED_AVAILABILITY = YES_AGGRESSIVE;
				CLANG_WARN_UNREACHABLE_CODE = YES;
				CLANG_WARN__DUPLICATE_METHOD_MATCH = YES;
				COPY_PHASE_STRIP = NO;
				DEBUG_INFORMATION_FORMAT = dwarf;
				ENABLE_STRICT_OBJC_MSGSEND = YES;
				ENABLE_TESTABILITY = YES;
				GCC_C_LANGUAGE_STANDARD = gnu11;
				GCC_DYNAMIC_NO_PIC = NO;
				GCC_NO_COMMON_BLOCKS = YES;
				GCC_OPTIMIZATION_LEVEL = 0;
				GCC_PREPROCESSOR_DEFINITIONS = (
					"DEBUG=1",
					"$(inherited)",
				);
				GCC_WARN_64_TO_32_BIT_CONVERSION = YES;
				GCC_WARN_ABOUT_RETURN_TYPE = YES_ERROR;
				GCC_WARN_UNDECLARED_SELECTOR = YES;
				GCC_WARN_UNINITIALIZED_AUTOS = YES_AGGRESSIVE;
				GCC_WARN_UNUSED_FUNCTION = YES;
				GCC_WARN_UNUSED_VARIABLE = YES;
				IPHONEOS_DEPLOYMENT_TARGET = 15.5;
				MTL_ENABLE_DEBUG_INFO = INCLUDE_SOURCE;
				MTL_FAST_MATH = YES;
				ONLY_ACTIVE_ARCH = YES;
				SDKROOT = iphoneos;
				SWIFT_ACTIVE_COMPILATION_CONDITIONS = DEBUG;
				SWIFT_OPTIMIZATION_LEVEL = "-Onone";
			};
			name = Debug;
		};
		632BE891287E7E5400BE49FA /* Release */ = {
			isa = XCBuildConfiguration;
			buildSettings = {
				ALWAYS_SEARCH_USER_PATHS = NO;
				CLANG_ANALYZER_NONNULL = YES;
				CLANG_ANALYZER_NUMBER_OBJECT_CONVERSION = YES_AGGRESSIVE;
				CLANG_CXX_LANGUAGE_STANDARD = "gnu++17";
				CLANG_ENABLE_MODULES = YES;
				CLANG_ENABLE_OBJC_ARC = YES;
				CLANG_ENABLE_OBJC_WEAK = YES;
				CLANG_WARN_BLOCK_CAPTURE_AUTORELEASING = YES;
				CLANG_WARN_BOOL_CONVERSION = YES;
				CLANG_WARN_COMMA = YES;
				CLANG_WARN_CONSTANT_CONVERSION = YES;
				CLANG_WARN_DEPRECATED_OBJC_IMPLEMENTATIONS = YES;
				CLANG_WARN_DIRECT_OBJC_ISA_USAGE = YES_ERROR;
				CLANG_WARN_DOCUMENTATION_COMMENTS = YES;
				CLANG_WARN_EMPTY_BODY = YES;
				CLANG_WARN_ENUM_CONVERSION = YES;
				CLANG_WARN_INFINITE_RECURSION = YES;
				CLANG_WARN_INT_CONVERSION = YES;
				CLANG_WARN_NON_LITERAL_NULL_CONVERSION = YES;
				CLANG_WARN_OBJC_IMPLICIT_RETAIN_SELF = YES;
				CLANG_WARN_OBJC_LITERAL_CONVERSION = YES;
				CLANG_WARN_OBJC_ROOT_CLASS = YES_ERROR;
				CLANG_WARN_QUOTED_INCLUDE_IN_FRAMEWORK_HEADER = YES;
				CLANG_WARN_RANGE_LOOP_ANALYSIS = YES;
				CLANG_WARN_STRICT_PROTOTYPES = YES;
				CLANG_WARN_SUSPICIOUS_MOVE = YES;
				CLANG_WARN_UNGUARDED_AVAILABILITY = YES_AGGRESSIVE;
				CLANG_WARN_UNREACHABLE_CODE = YES;
				CLANG_WARN__DUPLICATE_METHOD_MATCH = YES;
				COPY_PHASE_STRIP = NO;
				DEBUG_INFORMATION_FORMAT = "dwarf-with-dsym";
				ENABLE_NS_ASSERTIONS = NO;
				ENABLE_STRICT_OBJC_MSGSEND = YES;
				GCC_C_LANGUAGE_STANDARD = gnu11;
				GCC_NO_COMMON_BLOCKS = YES;
				GCC_WARN_64_TO_32_BIT_CONVERSION = YES;
				GCC_WARN_ABOUT_RETURN_TYPE = YES_ERROR;
				GCC_WARN_UNDECLARED_SELECTOR = YES;
				GCC_WARN_UNINITIALIZED_AUTOS = YES_AGGRESSIVE;
				GCC_WARN_UNUSED_FUNCTION = YES;
				GCC_WARN_UNUSED_VARIABLE = YES;
				IPHONEOS_DEPLOYMENT_TARGET = 15.5;
				MTL_ENABLE_DEBUG_INFO = NO;
				MTL_FAST_MATH = YES;
				SDKROOT = iphoneos;
				SWIFT_COMPILATION_MODE = wholemodule;
				SWIFT_OPTIMIZATION_LEVEL = "-O";
				VALIDATE_PRODUCT = YES;
			};
			name = Release;
		};
		632BE893287E7E5400BE49FA /* Debug */ = {
			isa = XCBuildConfiguration;
			buildSettings = {
				ASSETCATALOG_COMPILER_APPICON_NAME = AppIcon;
				ASSETCATALOG_COMPILER_GLOBAL_ACCENT_COLOR_NAME = AccentColor;
				CODE_SIGN_STYLE = Automatic;
				CURRENT_PROJECT_VERSION = 1;
				GENERATE_INFOPLIST_FILE = YES;
				INFOPLIST_FILE = Anniversary/Info.plist;
				INFOPLIST_KEY_UIApplicationSupportsIndirectInputEvents = YES;
				INFOPLIST_KEY_UILaunchStoryboardName = LaunchScreen;
				INFOPLIST_KEY_UIMainStoryboardFile = Main;
				INFOPLIST_KEY_UISupportedInterfaceOrientations = UIInterfaceOrientationPortrait;
				INFOPLIST_KEY_UISupportedInterfaceOrientations_iPad = "UIInterfaceOrientationPortrait UIInterfaceOrientationPortraitUpsideDown UIInterfaceOrientationLandscapeLeft UIInterfaceOrientationLandscapeRight";
				INFOPLIST_KEY_UISupportedInterfaceOrientations_iPhone = UIInterfaceOrientationPortrait;
				INFOPLIST_KEY_UIUserInterfaceStyle = Light;
				LD_RUNPATH_SEARCH_PATHS = (
					"$(inherited)",
					"@executable_path/Frameworks",
				);
				MARKETING_VERSION = 1.0;
				PRODUCT_BUNDLE_IDENTIFIER = com.jj.Anniversary;
				PRODUCT_NAME = "$(TARGET_NAME)";
				SWIFT_EMIT_LOC_STRINGS = YES;
				SWIFT_VERSION = 5.0;
				TARGETED_DEVICE_FAMILY = 1;
			};
			name = Debug;
		};
		632BE894287E7E5400BE49FA /* Release */ = {
			isa = XCBuildConfiguration;
			buildSettings = {
				ASSETCATALOG_COMPILER_APPICON_NAME = AppIcon;
				ASSETCATALOG_COMPILER_GLOBAL_ACCENT_COLOR_NAME = AccentColor;
				CODE_SIGN_STYLE = Automatic;
				CURRENT_PROJECT_VERSION = 1;
				GENERATE_INFOPLIST_FILE = YES;
				INFOPLIST_FILE = Anniversary/Info.plist;
				INFOPLIST_KEY_UIApplicationSupportsIndirectInputEvents = YES;
				INFOPLIST_KEY_UILaunchStoryboardName = LaunchScreen;
				INFOPLIST_KEY_UIMainStoryboardFile = Main;
				INFOPLIST_KEY_UISupportedInterfaceOrientations = UIInterfaceOrientationPortrait;
				INFOPLIST_KEY_UISupportedInterfaceOrientations_iPad = "UIInterfaceOrientationPortrait UIInterfaceOrientationPortraitUpsideDown UIInterfaceOrientationLandscapeLeft UIInterfaceOrientationLandscapeRight";
				INFOPLIST_KEY_UISupportedInterfaceOrientations_iPhone = UIInterfaceOrientationPortrait;
				INFOPLIST_KEY_UIUserInterfaceStyle = Light;
				LD_RUNPATH_SEARCH_PATHS = (
					"$(inherited)",
					"@executable_path/Frameworks",
				);
				MARKETING_VERSION = 1.0;
				PRODUCT_BUNDLE_IDENTIFIER = com.jj.Anniversary;
				PRODUCT_NAME = "$(TARGET_NAME)";
				SWIFT_EMIT_LOC_STRINGS = YES;
				SWIFT_VERSION = 5.0;
				TARGETED_DEVICE_FAMILY = 1;
			};
			name = Release;
		};
/* End XCBuildConfiguration section */

/* Begin XCConfigurationList section */
		632BE879287E7E5300BE49FA /* Build configuration list for PBXProject "Anniversary" */ = {
			isa = XCConfigurationList;
			buildConfigurations = (
				632BE890287E7E5400BE49FA /* Debug */,
				632BE891287E7E5400BE49FA /* Release */,
			);
			defaultConfigurationIsVisible = 0;
			defaultConfigurationName = Release;
		};
		632BE892287E7E5400BE49FA /* Build configuration list for PBXNativeTarget "Anniversary" */ = {
			isa = XCConfigurationList;
			buildConfigurations = (
				632BE893287E7E5400BE49FA /* Debug */,
				632BE894287E7E5400BE49FA /* Release */,
			);
			defaultConfigurationIsVisible = 0;
			defaultConfigurationName = Release;
		};
/* End XCConfigurationList section */

/* Begin XCRemoteSwiftPackageReference section */
		639F7AE0288011E300558426 /* XCRemoteSwiftPackageReference "TextFieldEffects" */ = {
			isa = XCRemoteSwiftPackageReference;
			repositoryURL = "https://github.com/raulriera/TextFieldEffects.git";
			requirement = {
				kind = versionRange;
				maximumVersion = 2.0.0;
				minimumVersion = 1.0.0;
			};
		};
/* End XCRemoteSwiftPackageReference section */

/* Begin XCSwiftPackageProductDependency section */
		639F7AE1288011E300558426 /* TextFieldEffects */ = {
			isa = XCSwiftPackageProductDependency;
			package = 639F7AE0288011E300558426 /* XCRemoteSwiftPackageReference "TextFieldEffects" */;
			productName = TextFieldEffects;
		};
/* End XCSwiftPackageProductDependency section */
	};
	rootObject = 632BE876287E7E5300BE49FA /* Project object */;
}
